
Microsoft Visual Studio Solution File, Format Version 12.00
# Visual Studio Version 17
VisualStudioVersion = 17.14.36414.22 d17.14
MinimumVisualStudioVersion = 10.0.40219.1
Project("{FAE04EC0-301F-11D3-BF4B-00C04F79EFBC}") = "Console Text", "Console Text\Console Text.csproj", "{EBB65E5B-A642-4251-873B-EB1C8B56A1CD}"
EndProject
Global
	GlobalSection(SolutionConfigurationPlatforms) = preSolution
		Debug|Any CPU = Debug|Any CPU
		Release|Any CPU = Release|Any CPU
	EndGlobalSection
	GlobalSection(ProjectConfigurationPlatforms) = postSolution
		{EBB65E5B-A642-4251-873B-EB1C8B56A1CD}.Debug|Any CPU.ActiveCfg = Debug|Any CPU
		{EBB65E5B-A642-4251-873B-EB1C8B56A1CD}.Debug|Any CPU.Build.0 = Debug|Any CPU
		{EBB65E5B-A642-4251-873B-EB1C8B56A1CD}.Release|Any CPU.ActiveCfg = Release|Any CPU
		{EBB65E5B-A642-4251-873B-EB1C8B56A1CD}.Release|Any CPU.Build.0 = Release|Any CPU
	EndGlobalSection
	GlobalSection(SolutionProperties) = preSolution
		HideSolutionNode = FALSE
	EndGlobalSection
	GlobalSection(ExtensibilityGlobals) = postSolution
		SolutionGuid = {5938421D-5A84-45CB-B2F5-F77CCB967E29}
	EndGlobalSection
EndGlobal
