
Microsoft Visual Studio Solution File, Format Version 12.00
# Visual Studio Version 17
VisualStudioVersion = 17.14.36414.22 d17.14
MinimumVisualStudioVersion = 10.0.40219.1
Project("{FAE04EC0-301F-11D3-BF4B-00C04F79EFBC}") = "Classes, Properties", "Classes, Properties\Classes, Properties.csproj", "{136EBC5D-D704-49BD-9A4A-A3032FEE646D}"
EndProject
Global
	GlobalSection(SolutionConfigurationPlatforms) = preSolution
		Debug|Any CPU = Debug|Any CPU
		Release|Any CPU = Release|Any CPU
	EndGlobalSection
	GlobalSection(ProjectConfigurationPlatforms) = postSolution
		{136EBC5D-D704-49BD-9A4A-A3032FEE646D}.Debug|Any CPU.ActiveCfg = Debug|Any CPU
		{136EBC5D-D704-49BD-9A4A-A3032FEE646D}.Debug|Any CPU.Build.0 = Debug|Any CPU
		{136EBC5D-D704-49BD-9A4A-A3032FEE646D}.Release|Any CPU.ActiveCfg = Release|Any CPU
		{136EBC5D-D704-49BD-9A4A-A3032FEE646D}.Release|Any CPU.Build.0 = Release|Any CPU
	EndGlobalSection
	GlobalSection(SolutionProperties) = preSolution
		HideSolutionNode = FALSE
	EndGlobalSection
	GlobalSection(ExtensibilityGlobals) = postSolution
		SolutionGuid = {3CA39170-C196-437A-924E-BF8A2D03854F}
	EndGlobalSection
EndGlobal
