
Microsoft Visual Studio Solution File, Format Version 12.00
# Visual Studio Version 17
VisualStudioVersion = 17.14.36414.22 d17.14
MinimumVisualStudioVersion = 10.0.40219.1
Project("{FAE04EC0-301F-11D3-BF4B-00C04F79EFBC}") = "2-3 first tasks", "2-3 first tasks\2-3 first tasks.csproj", "{3EA4FB61-B313-49D9-9EA4-79F9D0B4BD24}"
EndProject
Global
	GlobalSection(SolutionConfigurationPlatforms) = preSolution
		Debug|Any CPU = Debug|Any CPU
		Release|Any CPU = Release|Any CPU
	EndGlobalSection
	GlobalSection(ProjectConfigurationPlatforms) = postSolution
		{3EA4FB61-B313-49D9-9EA4-79F9D0B4BD24}.Debug|Any CPU.ActiveCfg = Debug|Any CPU
		{3EA4FB61-B313-49D9-9EA4-79F9D0B4BD24}.Debug|Any CPU.Build.0 = Debug|Any CPU
		{3EA4FB61-B313-49D9-9EA4-79F9D0B4BD24}.Release|Any CPU.ActiveCfg = Release|Any CPU
		{3EA4FB61-B313-49D9-9EA4-79F9D0B4BD24}.Release|Any CPU.Build.0 = Release|Any CPU
	EndGlobalSection
	GlobalSection(SolutionProperties) = preSolution
		HideSolutionNode = FALSE
	EndGlobalSection
	GlobalSection(ExtensibilityGlobals) = postSolution
		SolutionGuid = {3F7FF34E-F02D-4A2C-9DCC-E73A5465517A}
	EndGlobalSection
EndGlobal
